
Microsoft Visual Studio Solution File, Format Version 12.00
# Visual Studio Version 17
VisualStudioVersion = 17.4.33205.214
MinimumVisualStudioVersion = 10.0.40219.1
Project("{FAE04EC0-301F-11D3-BF4B-00C04F79EFBC}") = "ProjOrganizze.Api", "ProjOrganizze.Api\ProjOrganizze.Api.csproj", "{A6E44165-D58A-4D47-8142-8A8F1B8A31A6}"
EndProject
Global
	GlobalSection(SolutionConfigurationPlatforms) = preSolution
		Debug|Any CPU = Debug|Any CPU
		Release|Any CPU = Release|Any CPU
	EndGlobalSection
	GlobalSection(ProjectConfigurationPlatforms) = postSolution
		{A6E44165-D58A-4D47-8142-8A8F1B8A31A6}.Debug|Any CPU.ActiveCfg = Debug|Any CPU
		{A6E44165-D58A-4D47-8142-8A8F1B8A31A6}.Debug|Any CPU.Build.0 = Debug|Any CPU
		{A6E44165-D58A-4D47-8142-8A8F1B8A31A6}.Release|Any CPU.ActiveCfg = Release|Any CPU
		{A6E44165-D58A-4D47-8142-8A8F1B8A31A6}.Release|Any CPU.Build.0 = Release|Any CPU
	EndGlobalSection
	GlobalSection(SolutionProperties) = preSolution
		HideSolutionNode = FALSE
	EndGlobalSection
	GlobalSection(ExtensibilityGlobals) = postSolution
		SolutionGuid = {E19D687A-136A-4192-BFDC-7D9E70C31398}
	EndGlobalSection
EndGlobal
